PODS:
  - AcknowList (1.5)
  - Alamofire (4.6.0)
  - Charts (3.0.5):
    - Charts/Core (= 3.0.5)
  - Charts/Core (3.0.5)
  - SwiftyJSON (4.0.0)

DEPENDENCIES:
  - AcknowList
  - Alamofire
  - Charts
  - SwiftyJSON

SPEC CHECKSUMS:
  AcknowList: 93c5dbde36f37ba7f74c8a92c8d9cfb52ed73e47
  Alamofire: f41a599bd63041760b26d393ec1069d9d7b917f4
  Charts: 45cdc985b764c838b35ee47eb1365d15735f6d1a
  SwiftyJSON: 070dabdcb1beb81b247c65ffa3a79dbbfb3b48aa

PODFILE CHECKSUM: b4b7f86cf8898754f5659a6d7ea43488de0c994b

COCOAPODS: 1.2.0
